
Microsoft Visual Studio Solution File, Format Version 12.00
# Visual Studio Version 16
VisualStudioVersion = 16.0.30114.105
MinimumVisualStudioVersion = 10.0.40219.1
Project("{FAE04EC0-301F-11D3-BF4B-00C04F79EFBC}") = "GOLAZO", "GOLAZO\GOLAZO.csproj", "{3AB99D0F-63A9-471A-BC4E-BFDF2C64B540}"
EndProject
Global
	GlobalSection(SolutionConfigurationPlatforms) = preSolution
		Debug|Any CPU = Debug|Any CPU
		Release|Any CPU = Release|Any CPU
	EndGlobalSection
	GlobalSection(ProjectConfigurationPlatforms) = postSolution
		{3AB99D0F-63A9-471A-BC4E-BFDF2C64B540}.Debug|Any CPU.ActiveCfg = Debug|Any CPU
		{3AB99D0F-63A9-471A-BC4E-BFDF2C64B540}.Debug|Any CPU.Build.0 = Debug|Any CPU
		{3AB99D0F-63A9-471A-BC4E-BFDF2C64B540}.Release|Any CPU.ActiveCfg = Release|Any CPU
		{3AB99D0F-63A9-471A-BC4E-BFDF2C64B540}.Release|Any CPU.Build.0 = Release|Any CPU
	EndGlobalSection
	GlobalSection(SolutionProperties) = preSolution
		HideSolutionNode = FALSE
	EndGlobalSection
	GlobalSection(ExtensibilityGlobals) = postSolution
		SolutionGuid = {2FA0C98C-7BE8-446B-A82E-F957A3BD2E03}
	EndGlobalSection
EndGlobal
